
Microsoft Visual Studio Solution File, Format Version 12.00
# Visual Studio Version 17
VisualStudioVersion = 17.3.32929.385
MinimumVisualStudioVersion = 10.0.40219.1
Project("{FAE04EC0-301F-11D3-BF4B-00C04F79EFBC}") = "Major", "ЧастотныйАнализ\Major.csproj", "{0500E32F-CDC3-4B74-8E2A-907C38285AAB}"
EndProject
Global
	GlobalSection(SolutionConfigurationPlatforms) = preSolution
		Debug|Any CPU = Debug|Any CPU
		Release|Any CPU = Release|Any CPU
	EndGlobalSection
	GlobalSection(ProjectConfigurationPlatforms) = postSolution
		{0500E32F-CDC3-4B74-8E2A-907C38285AAB}.Debug|Any CPU.ActiveCfg = Debug|Any CPU
		{0500E32F-CDC3-4B74-8E2A-907C38285AAB}.Debug|Any CPU.Build.0 = Debug|Any CPU
		{0500E32F-CDC3-4B74-8E2A-907C38285AAB}.Release|Any CPU.ActiveCfg = Release|Any CPU
		{0500E32F-CDC3-4B74-8E2A-907C38285AAB}.Release|Any CPU.Build.0 = Release|Any CPU
	EndGlobalSection
	GlobalSection(SolutionProperties) = preSolution
		HideSolutionNode = FALSE
	EndGlobalSection
	GlobalSection(ExtensibilityGlobals) = postSolution
		SolutionGuid = {BD9E8026-8878-4069-9321-5C21F30C5461}
	EndGlobalSection
EndGlobal
